// !$*UTF8*$!
{
	archiveVersion = 1;
	classes = {
	};
	objectVersion = 56;
	objects = {

/* Begin PBXBuildFile section */
		AEDFBAA029F7CE8000D2CC53 /* AppDelegate.swift in Sources */ = {isa = PBXBuildFile; fileRef = AEDFBA9F29F7CE8000D2CC53 /* AppDelegate.swift */; };
		AEDFBAA229F7CE8000D2CC53 /* SceneDelegate.swift in Sources */ = {isa = PBXBuildFile; fileRef = AEDFBAA129F7CE8000D2CC53 /* SceneDelegate.swift */; };
		AEDFBAA429F7CE8000D2CC53 /* ViewController.swift in Sources */ = {isa = PBXBuildFile; fileRef = AEDFBAA329F7CE8000D2CC53 /* ViewController.swift */; };
		AEDFBAA729F7CE8000D2CC53 /* Main.storyboard in Resources */ = {isa = PBXBuildFile; fileRef = AEDFBAA529F7CE8000D2CC53 /* Main.storyboard */; };
		AEDFBAA929F7CE8100D2CC53 /* Assets.xcassets in Resources */ = {isa = PBXBuildFile; fileRef = AEDFBAA829F7CE8100D2CC53 /* Assets.xcassets */; };
		AEDFBAAC29F7CE8100D2CC53 /* LaunchScreen.storyboard in Resources */ = {isa = PBXBuildFile; fileRef = AEDFBAAA29F7CE8100D2CC53 /* LaunchScreen.storyboard */; };
		AEDFBAB729F7D3E100D2CC53 /* GoogleService-Info.plist in Resources */ = {isa = PBXBuildFile; fileRef = AEDFBAB629F7D3E100D2CC53 /* GoogleService-Info.plist */; };
		AEDFBABA29F7D46A00D2CC53 /* FirebaseAuth in Frameworks */ = {isa = PBXBuildFile; productRef = AEDFBAB929F7D46A00D2CC53 /* FirebaseAuth */; };
		AEDFBABC29F7D46A00D2CC53 /* FirebaseDatabase in Frameworks */ = {isa = PBXBuildFile; productRef = AEDFBABB29F7D46A00D2CC53 /* FirebaseDatabase */; };
		AEDFBABE29F7D46A00D2CC53 /* FirebaseFirestore in Frameworks */ = {isa = PBXBuildFile; productRef = AEDFBABD29F7D46A00D2CC53 /* FirebaseFirestore */; };
		AEDFBAC029F7D46A00D2CC53 /* FirebaseStorage in Frameworks */ = {isa = PBXBuildFile; productRef = AEDFBABF29F7D46A00D2CC53 /* FirebaseStorage */; };
		AEDFBAC229F7E0D200D2CC53 /* FeedViewController.swift in Sources */ = {isa = PBXBuildFile; fileRef = AEDFBAC129F7E0D200D2CC53 /* FeedViewController.swift */; };
		AEDFBAC429F7E0E400D2CC53 /* UploadViewController.swift in Sources */ = {isa = PBXBuildFile; fileRef = AEDFBAC329F7E0E400D2CC53 /* UploadViewController.swift */; };
		AEDFBAC629F7E0F900D2CC53 /* SettingsViewController.swift in Sources */ = {isa = PBXBuildFile; fileRef = AEDFBAC529F7E0F900D2CC53 /* SettingsViewController.swift */; };
		AEDFBAC829F8790D00D2CC53 /* FeedCell.swift in Sources */ = {isa = PBXBuildFile; fileRef = AEDFBAC729F8790D00D2CC53 /* FeedCell.swift */; };
		AEDFBACB29F8857700D2CC53 /* SDWebImage in Frameworks */ = {isa = PBXBuildFile; productRef = AEDFBACA29F8857700D2CC53 /* SDWebImage */; };
/* End PBXBuildFile section */

/* Begin PBXFileReference section */
		AEDFBA9C29F7CE8000D2CC53 /* InstagramCloneApp.app */ = {isa = PBXFileReference; explicitFileType = wrapper.application; includeInIndex = 0; path = InstagramCloneApp.app; sourceTree = BUILT_PRODUCTS_DIR; };
		AEDFBA9F29F7CE8000D2CC53 /* AppDelegate.swift */ = {isa = PBXFileReference; lastKnownFileType = sourcecode.swift; path = AppDelegate.swift; sourceTree = "<group>"; };
		AEDFBAA129F7CE8000D2CC53 /* SceneDelegate.swift */ = {isa = PBXFileReference; lastKnownFileType = sourcecode.swift; path = SceneDelegate.swift; sourceTree = "<group>"; };
		AEDFBAA329F7CE8000D2CC53 /* ViewController.swift */ = {isa = PBXFileReference; lastKnownFileType = sourcecode.swift; path = ViewController.swift; sourceTree = "<group>"; };
		AEDFBAA629F7CE8000D2CC53 /* Base */ = {isa = PBXFileReference; lastKnownFileType = file.storyboard; name = Base; path = Base.lproj/Main.storyboard; sourceTree = "<group>"; };
		AEDFBAA829F7CE8100D2CC53 /* Assets.xcassets */ = {isa = PBXFileReference; lastKnownFileType = folder.assetcatalog; path = Assets.xcassets; sourceTree = "<group>"; };
		AEDFBAAB29F7CE8100D2CC53 /* Base */ = {isa = PBXFileReference; lastKnownFileType = file.storyboard; name = Base; path = Base.lproj/LaunchScreen.storyboard; sourceTree = "<group>"; };
		AEDFBAAD29F7CE8100D2CC53 /* Info.plist */ = {isa = PBXFileReference; lastKnownFileType = text.plist.xml; path = Info.plist; sourceTree = "<group>"; };
		AEDFBAB629F7D3E100D2CC53 /* GoogleService-Info.plist */ = {isa = PBXFileReference; fileEncoding = 4; lastKnownFileType = text.plist.xml; path = "GoogleService-Info.plist"; sourceTree = "<group>"; };
		AEDFBAC129F7E0D200D2CC53 /* FeedViewController.swift */ = {isa = PBXFileReference; lastKnownFileType = sourcecode.swift; path = FeedViewController.swift; sourceTree = "<group>"; };
		AEDFBAC329F7E0E400D2CC53 /* UploadViewController.swift */ = {isa = PBXFileReference; lastKnownFileType = sourcecode.swift; path = UploadViewController.swift; sourceTree = "<group>"; };
		AEDFBAC529F7E0F900D2CC53 /* SettingsViewController.swift */ = {isa = PBXFileReference; lastKnownFileType = sourcecode.swift; path = SettingsViewController.swift; sourceTree = "<group>"; };
		AEDFBAC729F8790D00D2CC53 /* FeedCell.swift */ = {isa = PBXFileReference; lastKnownFileType = sourcecode.swift; path = FeedCell.swift; sourceTree = "<group>"; };
/* End PBXFileReference section */

/* Begin PBXFrameworksBuildPhase section */
		AEDFBA9929F7CE8000D2CC53 /* Frameworks */ = {
			isa = PBXFrameworksBuildPhase;
			buildActionMask = 2147483647;
			files = (
				AEDFBABC29F7D46A00D2CC53 /* FirebaseDatabase in Frameworks */,
				AEDFBAC029F7D46A00D2CC53 /* FirebaseStorage in Frameworks */,
				AEDFBABA29F7D46A00D2CC53 /* FirebaseAuth in Frameworks */,
				AEDFBABE29F7D46A00D2CC53 /* FirebaseFirestore in Frameworks */,
				AEDFBACB29F8857700D2CC53 /* SDWebImage in Frameworks */,
			);
			runOnlyForDeploymentPostprocessing = 0;
		};
/* End PBXFrameworksBuildPhase section */

/* Begin PBXGroup section */
		AEDFBA9329F7CE8000D2CC53 = {
			isa = PBXGroup;
			children = (
				AEDFBA9E29F7CE8000D2CC53 /* InstagramCloneApp */,
				AEDFBA9D29F7CE8000D2CC53 /* Products */,
			);
			sourceTree = "<group>";
		};
		AEDFBA9D29F7CE8000D2CC53 /* Products */ = {
			isa = PBXGroup;
			children = (
				AEDFBA9C29F7CE8000D2CC53 /* InstagramCloneApp.app */,
			);
			name = Products;
			sourceTree = "<group>";
		};
		AEDFBA9E29F7CE8000D2CC53 /* InstagramCloneApp */ = {
			isa = PBXGroup;
			children = (
				AEDFBAB329F7CE9900D2CC53 /* Delegate */,
				AEDFBAB429F7CEA400D2CC53 /* Controller */,
				AEDFBAB529F7CEAD00D2CC53 /* View */,
				AEDFBAA829F7CE8100D2CC53 /* Assets.xcassets */,
				AEDFBAAA29F7CE8100D2CC53 /* LaunchScreen.storyboard */,
				AEDFBAAD29F7CE8100D2CC53 /* Info.plist */,
				AEDFBAB629F7D3E100D2CC53 /* GoogleService-Info.plist */,
			);
			path = InstagramCloneApp;
			sourceTree = "<group>";
		};
		AEDFBAB329F7CE9900D2CC53 /* Delegate */ = {
			isa = PBXGroup;
			children = (
				AEDFBA9F29F7CE8000D2CC53 /* AppDelegate.swift */,
				AEDFBAA129F7CE8000D2CC53 /* SceneDelegate.swift */,
			);
			path = Delegate;
			sourceTree = "<group>";
		};
		AEDFBAB429F7CEA400D2CC53 /* Controller */ = {
			isa = PBXGroup;
			children = (
				AEDFBAA329F7CE8000D2CC53 /* ViewController.swift */,
				AEDFBAC129F7E0D200D2CC53 /* FeedViewController.swift */,
				AEDFBAC329F7E0E400D2CC53 /* UploadViewController.swift */,
				AEDFBAC529F7E0F900D2CC53 /* SettingsViewController.swift */,
				AEDFBAC729F8790D00D2CC53 /* FeedCell.swift */,
			);
			path = Controller;
			sourceTree = "<group>";
		};
		AEDFBAB529F7CEAD00D2CC53 /* View */ = {
			isa = PBXGroup;
			children = (
				AEDFBAA529F7CE8000D2CC53 /* Main.storyboard */,
			);
			path = View;
			sourceTree = "<group>";
		};
/* End PBXGroup section */

/* Begin PBXNativeTarget section */
		AEDFBA9B29F7CE8000D2CC53 /* InstagramCloneApp */ = {
			isa = PBXNativeTarget;
			buildConfigurationList = AEDFBAB029F7CE8100D2CC53 /* Build configuration list for PBXNativeTarget "InstagramCloneApp" */;
			buildPhases = (
				AEDFBA9829F7CE8000D2CC53 /* Sources */,
				AEDFBA9929F7CE8000D2CC53 /* Frameworks */,
				AEDFBA9A29F7CE8000D2CC53 /* Resources */,
			);
			buildRules = (
			);
			dependencies = (
			);
			name = InstagramCloneApp;
			packageProductDependencies = (
				AEDFBAB929F7D46A00D2CC53 /* FirebaseAuth */,
				AEDFBABB29F7D46A00D2CC53 /* FirebaseDatabase */,
				AEDFBABD29F7D46A00D2CC53 /* FirebaseFirestore */,
				AEDFBABF29F7D46A00D2CC53 /* FirebaseStorage */,
				AEDFBACA29F8857700D2CC53 /* SDWebImage */,
			);
			productName = InstagramCloneApp;
			productReference = AEDFBA9C29F7CE8000D2CC53 /* InstagramCloneApp.app */;
			productType = "com.apple.product-type.application";
		};
/* End PBXNativeTarget section */

/* Begin PBXProject section */
		AEDFBA9429F7CE8000D2CC53 /* Project object */ = {
			isa = PBXProject;
			attributes = {
				BuildIndependentTargetsInParallel = 1;
				LastSwiftUpdateCheck = 1430;
				LastUpgradeCheck = 1430;
				TargetAttributes = {
					AEDFBA9B29F7CE8000D2CC53 = {
						CreatedOnToolsVersion = 14.3;
					};
				};
			};
			buildConfigurationList = AEDFBA9729F7CE8000D2CC53 /* Build configuration list for PBXProject "InstagramCloneApp" */;
			compatibilityVersion = "Xcode 14.0";
			developmentRegion = en;
			hasScannedForEncodings = 0;
			knownRegions = (
				en,
				Base,
			);
			mainGroup = AEDFBA9329F7CE8000D2CC53;
			packageReferences = (
				AEDFBAB829F7D46A00D2CC53 /* XCRemoteSwiftPackageReference "firebase-ios-sdk" */,
				AEDFBAC929F8857700D2CC53 /* XCRemoteSwiftPackageReference "SDWebImage" */,
			);
			productRefGroup = AEDFBA9D29F7CE8000D2CC53 /* Products */;
			projectDirPath = "";
			projectRoot = "";
			targets = (
				AEDFBA9B29F7CE8000D2CC53 /* InstagramCloneApp */,
			);
		};
/* End PBXProject section */

/* Begin PBXResourcesBuildPhase section */
		AEDFBA9A29F7CE8000D2CC53 /* Resources */ = {
			isa = PBXResourcesBuildPhase;
			buildActionMask = 2147483647;
			files = (
				AEDFBAAC29F7CE8100D2CC53 /* LaunchScreen.storyboard in Resources */,
				AEDFBAB729F7D3E100D2CC53 /* GoogleService-Info.plist in Resources */,
				AEDFBAA929F7CE8100D2CC53 /* Assets.xcassets in Resources */,
				AEDFBAA729F7CE8000D2CC53 /* Main.storyboard in Resources */,
			);
			runOnlyForDeploymentPostprocessing = 0;
		};
/* End PBXResourcesBuildPhase section */

/* Begin PBXSourcesBuildPhase section */
		AEDFBA9829F7CE8000D2CC53 /* Sources */ = {
			isa = PBXSourcesBuildPhase;
			buildActionMask = 2147483647;
			files = (
				AEDFBAC829F8790D00D2CC53 /* FeedCell.swift in Sources */,
				AEDFBAA429F7CE8000D2CC53 /* ViewController.swift in Sources */,
				AEDFBAC429F7E0E400D2CC53 /* UploadViewController.swift in Sources */,
				AEDFBAA029F7CE8000D2CC53 /* AppDelegate.swift in Sources */,
				AEDFBAC229F7E0D200D2CC53 /* FeedViewController.swift in Sources */,
				AEDFBAA229F7CE8000D2CC53 /* SceneDelegate.swift in Sources */,
				AEDFBAC629F7E0F900D2CC53 /* SettingsViewController.swift in Sources */,
			);
			runOnlyForDeploymentPostprocessing = 0;
		};
/* End PBXSourcesBuildPhase section */

/* Begin PBXVariantGroup section */
		AEDFBAA529F7CE8000D2CC53 /* Main.storyboard */ = {
			isa = PBXVariantGroup;
			children = (
				AEDFBAA629F7CE8000D2CC53 /* Base */,
			);
			name = Main.storyboard;
			sourceTree = "<group>";
		};
		AEDFBAAA29F7CE8100D2CC53 /* LaunchScreen.storyboard */ = {
			isa = PBXVariantGroup;
			children = (
				AEDFBAAB29F7CE8100D2CC53 /* Base */,
			);
			name = LaunchScreen.storyboard;
			sourceTree = "<group>";
		};
/* End PBXVariantGroup section */

/* Begin XCBuildConfiguration section */
		AEDFBAAE29F7CE8100D2CC53 /* Debug */ = {
			isa = XCBuildConfiguration;
			buildSettings = {
				ALWAYS_SEARCH_USER_PATHS = NO;
				CLANG_ANALYZER_NONNULL = YES;
				CLANG_ANALYZER_NUMBER_OBJECT_CONVERSION = YES_AGGRESSIVE;
				CLANG_CXX_LANGUAGE_STANDARD = "gnu++20";
				CLANG_ENABLE_MODULES = YES;
				CLANG_ENABLE_OBJC_ARC = YES;
				CLANG_ENABLE_OBJC_WEAK = YES;
				CLANG_WARN_BLOCK_CAPTURE_AUTORELEASING = YES;
				CLANG_WARN_BOOL_CONVERSION = YES;
				CLANG_WARN_COMMA = YES;
				CLANG_WARN_CONSTANT_CONVERSION = YES;
				CLANG_WARN_DEPRECATED_OBJC_IMPLEMENTATIONS = YES;
				CLANG_WARN_DIRECT_OBJC_ISA_USAGE = YES_ERROR;
				CLANG_WARN_DOCUMENTATION_COMMENTS = YES;
				CLANG_WARN_EMPTY_BODY = YES;
				CLANG_WARN_ENUM_CONVERSION = YES;
				CLANG_WARN_INFINITE_RECURSION = YES;
				CLANG_WARN_INT_CONVERSION = YES;
				CLANG_WARN_NON_LITERAL_NULL_CONVERSION = YES;
				CLANG_WARN_OBJC_IMPLICIT_RETAIN_SELF = YES;
				CLANG_WARN_OBJC_LITERAL_CONVERSION = YES;
				CLANG_WARN_OBJC_ROOT_CLASS = YES_ERROR;
				CLANG_WARN_QUOTED_INCLUDE_IN_FRAMEWORK_HEADER = YES;
				CLANG_WARN_RANGE_LOOP_ANALYSIS = YES;
				CLANG_WARN_STRICT_PROTOTYPES = YES;
				CLANG_WARN_SUSPICIOUS_MOVE = YES;
				CLANG_WARN_UNGUARDED_AVAILABILITY = YES_AGGRESSIVE;
				CLANG_WARN_UNREACHABLE_CODE = YES;
				CLANG_WARN__DUPLICATE_METHOD_MATCH = YES;
				COPY_PHASE_STRIP = NO;
				DEBUG_INFORMATION_FORMAT = dwarf;
				ENABLE_STRICT_OBJC_MSGSEND = YES;
				ENABLE_TESTABILITY = YES;
				GCC_C_LANGUAGE_STANDARD = gnu11;
				GCC_DYNAMIC_NO_PIC = NO;
				GCC_NO_COMMON_BLOCKS = YES;
				GCC_OPTIMIZATION_LEVEL = 0;
				GCC_PREPROCESSOR_DEFINITIONS = (
					"DEBUG=1",
					"$(inherited)",
				);
				GCC_WARN_64_TO_32_BIT_CONVERSION = YES;
				GCC_WARN_ABOUT_RETURN_TYPE = YES_ERROR;
				GCC_WARN_UNDECLARED_SELECTOR = YES;
				GCC_WARN_UNINITIALIZED_AUTOS = YES_AGGRESSIVE;
				GCC_WARN_UNUSED_FUNCTION = YES;
				GCC_WARN_UNUSED_VARIABLE = YES;
				IPHONEOS_DEPLOYMENT_TARGET = 16.4;
				MTL_ENABLE_DEBUG_INFO = INCLUDE_SOURCE;
				MTL_FAST_MATH = YES;
				ONLY_ACTIVE_ARCH = YES;
				SDKROOT = iphoneos;
				SWIFT_ACTIVE_COMPILATION_CONDITIONS = DEBUG;
				SWIFT_OPTIMIZATION_LEVEL = "-Onone";
			};
			name = Debug;
		};
		AEDFBAAF29F7CE8100D2CC53 /* Release */ = {
			isa = XCBuildConfiguration;
			buildSettings = {
				ALWAYS_SEARCH_USER_PATHS = NO;
				CLANG_ANALYZER_NONNULL = YES;
				CLANG_ANALYZER_NUMBER_OBJECT_CONVERSION = YES_AGGRESSIVE;
				CLANG_CXX_LANGUAGE_STANDARD = "gnu++20";
				CLANG_ENABLE_MODULES = YES;
				CLANG_ENABLE_OBJC_ARC = YES;
				CLANG_ENABLE_OBJC_WEAK = YES;
				CLANG_WARN_BLOCK_CAPTURE_AUTORELEASING = YES;
				CLANG_WARN_BOOL_CONVERSION = YES;
				CLANG_WARN_COMMA = YES;
				CLANG_WARN_CONSTANT_CONVERSION = YES;
				CLANG_WARN_DEPRECATED_OBJC_IMPLEMENTATIONS = YES;
				CLANG_WARN_DIRECT_OBJC_ISA_USAGE = YES_ERROR;
				CLANG_WARN_DOCUMENTATION_COMMENTS = YES;
				CLANG_WARN_EMPTY_BODY = YES;
				CLANG_WARN_ENUM_CONVERSION = YES;
				CLANG_WARN_INFINITE_RECURSION = YES;
				CLANG_WARN_INT_CONVERSION = YES;
				CLANG_WARN_NON_LITERAL_NULL_CONVERSION = YES;
				CLANG_WARN_OBJC_IMPLICIT_RETAIN_SELF = YES;
				CLANG_WARN_OBJC_LITERAL_CONVERSION = YES;
				CLANG_WARN_OBJC_ROOT_CLASS = YES_ERROR;
				CLANG_WARN_QUOTED_INCLUDE_IN_FRAMEWORK_HEADER = YES;
				CLANG_WARN_RANGE_LOOP_ANALYSIS = YES;
				CLANG_WARN_STRICT_PROTOTYPES = YES;
				CLANG_WARN_SUSPICIOUS_MOVE = YES;
				CLANG_WARN_UNGUARDED_AVAILABILITY = YES_AGGRESSIVE;
				CLANG_WARN_UNREACHABLE_CODE = YES;
				CLANG_WARN__DUPLICATE_METHOD_MATCH = YES;
				COPY_PHASE_STRIP = NO;
				DEBUG_INFORMATION_FORMAT = "dwarf-with-dsym";
				ENABLE_NS_ASSERTIONS = NO;
				ENABLE_STRICT_OBJC_MSGSEND = YES;
				GCC_C_LANGUAGE_STANDARD = gnu11;
				GCC_NO_COMMON_BLOCKS = YES;
				GCC_WARN_64_TO_32_BIT_CONVERSION = YES;
				GCC_WARN_ABOUT_RETURN_TYPE = YES_ERROR;
				GCC_WARN_UNDECLARED_SELECTOR = YES;
				GCC_WARN_UNINITIALIZED_AUTOS = YES_AGGRESSIVE;
				GCC_WARN_UNUSED_FUNCTION = YES;
				GCC_WARN_UNUSED_VARIABLE = YES;
				IPHONEOS_DEPLOYMENT_TARGET = 16.4;
				MTL_ENABLE_DEBUG_INFO = NO;
				MTL_FAST_MATH = YES;
				SDKROOT = iphoneos;
				SWIFT_COMPILATION_MODE = wholemodule;
				SWIFT_OPTIMIZATION_LEVEL = "-O";
				VALIDATE_PRODUCT = YES;
			};
			name = Release;
		};
		AEDFBAB129F7CE8100D2CC53 /* Debug */ = {
			isa = XCBuildConfiguration;
			buildSettings = {
				ASSETCATALOG_COMPILER_APPICON_NAME = AppIcon;
				ASSETCATALOG_COMPILER_GLOBAL_ACCENT_COLOR_NAME = AccentColor;
				CODE_SIGN_STYLE = Automatic;
				CURRENT_PROJECT_VERSION = 1;
				DEVELOPMENT_TEAM = J6767NCB7S;
				GENERATE_INFOPLIST_FILE = YES;
				INFOPLIST_FILE = InstagramCloneApp/Info.plist;
				INFOPLIST_KEY_UIApplicationSupportsIndirectInputEvents = YES;
				INFOPLIST_KEY_UILaunchStoryboardName = LaunchScreen;
				INFOPLIST_KEY_UIMainStoryboardFile = Main;
				INFOPLIST_KEY_UISupportedInterfaceOrientations_iPad = "UIInterfaceOrientationPortrait UIInterfaceOrientationPortraitUpsideDown UIInterfaceOrientationLandscapeLeft UIInterfaceOrientationLandscapeRight";
				INFOPLIST_KEY_UISupportedInterfaceOrientations_iPhone = "UIInterfaceOrientationPortrait UIInterfaceOrientationLandscapeLeft UIInterfaceOrientationLandscapeRight";
				LD_RUNPATH_SEARCH_PATHS = (
					"$(inherited)",
					"@executable_path/Frameworks",
				);
				MARKETING_VERSION = 1.0;
				PRODUCT_BUNDLE_IDENTIFIER = com.serdaraltindas.InstagramCloneApp;
				PRODUCT_NAME = "$(TARGET_NAME)";
				SWIFT_EMIT_LOC_STRINGS = YES;
				SWIFT_VERSION = 5.0;
				TARGETED_DEVICE_FAMILY = "1,2";
			};
			name = Debug;
		};
		AEDFBAB229F7CE8100D2CC53 /* Release */ = {
			isa = XCBuildConfiguration;
			buildSettings = {
				ASSETCATALOG_COMPILER_APPICON_NAME = AppIcon;
				ASSETCATALOG_COMPILER_GLOBAL_ACCENT_COLOR_NAME = AccentColor;
				CODE_SIGN_STYLE = Automatic;
				CURRENT_PROJECT_VERSION = 1;
				DEVELOPMENT_TEAM = J6767NCB7S;
				GENERATE_INFOPLIST_FILE = YES;
				INFOPLIST_FILE = InstagramCloneApp/Info.plist;
				INFOPLIST_KEY_UIApplicationSupportsIndirectInputEvents = YES;
				INFOPLIST_KEY_UILaunchStoryboardName = LaunchScreen;
				INFOPLIST_KEY_UIMainStoryboardFile = Main;
				INFOPLIST_KEY_UISupportedInterfaceOrientations_iPad = "UIInterfaceOrientationPortrait UIInterfaceOrientationPortraitUpsideDown UIInterfaceOrientationLandscapeLeft UIInterfaceOrientationLandscapeRight";
				INFOPLIST_KEY_UISupportedInterfaceOrientations_iPhone = "UIInterfaceOrientationPortrait UIInterfaceOrientationLandscapeLeft UIInterfaceOrientationLandscapeRight";
				LD_RUNPATH_SEARCH_PATHS = (
					"$(inherited)",
					"@executable_path/Frameworks",
				);
				MARKETING_VERSION = 1.0;
				PRODUCT_BUNDLE_IDENTIFIER = com.serdaraltindas.InstagramCloneApp;
				PRODUCT_NAME = "$(TARGET_NAME)";
				SWIFT_EMIT_LOC_STRINGS = YES;
				SWIFT_VERSION = 5.0;
				TARGETED_DEVICE_FAMILY = "1,2";
			};
			name = Release;
		};
/* End XCBuildConfiguration section */

/* Begin XCConfigurationList section */
		AEDFBA9729F7CE8000D2CC53 /* Build configuration list for PBXProject "InstagramCloneApp" */ = {
			isa = XCConfigurationList;
			buildConfigurations = (
				AEDFBAAE29F7CE8100D2CC53 /* Debug */,
				AEDFBAAF29F7CE8100D2CC53 /* Release */,
			);
			defaultConfigurationIsVisible = 0;
			defaultConfigurationName = Release;
		};
		AEDFBAB029F7CE8100D2CC53 /* Build configuration list for PBXNativeTarget "InstagramCloneApp" */ = {
			isa = XCConfigurationList;
			buildConfigurations = (
				AEDFBAB129F7CE8100D2CC53 /* Debug */,
				AEDFBAB229F7CE8100D2CC53 /* Release */,
			);
			defaultConfigurationIsVisible = 0;
			defaultConfigurationName = Release;
		};
/* End XCConfigurationList section */

/* Begin XCRemoteSwiftPackageReference section */
		AEDFBAB829F7D46A00D2CC53 /* XCRemoteSwiftPackageReference "firebase-ios-sdk" */ = {
			isa = XCRemoteSwiftPackageReference;
			repositoryURL = "https://github.com/firebase/firebase-ios-sdk";
			requirement = {
				kind = upToNextMajorVersion;
				minimumVersion = 10.0.0;
			};
		};
		AEDFBAC929F8857700D2CC53 /* XCRemoteSwiftPackageReference "SDWebImage" */ = {
			isa = XCRemoteSwiftPackageReference;
			repositoryURL = "https://github.com/SDWebImage/SDWebImage";
			requirement = {
				kind = upToNextMajorVersion;
				minimumVersion = 5.0.0;
			};
		};
/* End XCRemoteSwiftPackageReference section */

/* Begin XCSwiftPackageProductDependency section */
		AEDFBAB929F7D46A00D2CC53 /* FirebaseAuth */ = {
			isa = XCSwiftPackageProductDependency;
			package = AEDFBAB829F7D46A00D2CC53 /* XCRemoteSwiftPackageReference "firebase-ios-sdk" */;
			productName = FirebaseAuth;
		};
		AEDFBABB29F7D46A00D2CC53 /* FirebaseDatabase */ = {
			isa = XCSwiftPackageProductDependency;
			package = AEDFBAB829F7D46A00D2CC53 /* XCRemoteSwiftPackageReference "firebase-ios-sdk" */;
			productName = FirebaseDatabase;
		};
		AEDFBABD29F7D46A00D2CC53 /* FirebaseFirestore */ = {
			isa = XCSwiftPackageProductDependency;
			package = AEDFBAB829F7D46A00D2CC53 /* XCRemoteSwiftPackageReference "firebase-ios-sdk" */;
			productName = FirebaseFirestore;
		};
		AEDFBABF29F7D46A00D2CC53 /* FirebaseStorage */ = {
			isa = XCSwiftPackageProductDependency;
			package = AEDFBAB829F7D46A00D2CC53 /* XCRemoteSwiftPackageReference "firebase-ios-sdk" */;
			productName = FirebaseStorage;
		};
		AEDFBACA29F8857700D2CC53 /* SDWebImage */ = {
			isa = XCSwiftPackageProductDependency;
			package = AEDFBAC929F8857700D2CC53 /* XCRemoteSwiftPackageReference "SDWebImage" */;
			productName = SDWebImage;
		};
/* End XCSwiftPackageProductDependency section */
	};
	rootObject = AEDFBA9429F7CE8000D2CC53 /* Project object */;
}
